
Microsoft Visual Studio Solution File, Format Version 12.00
# Visual Studio Version 17
VisualStudioVersion = 17.9.34728.123
MinimumVisualStudioVersion = 10.0.40219.1
Project("{FAE04EC0-301F-11D3-BF4B-00C04F79EFBC}") = "Task5.2", "Task5.2\Task5.2.csproj", "{ACBE8AD1-6067-4308-9686-6282BEB00F1D}"
EndProject
Project("{FAE04EC0-301F-11D3-BF4B-00C04F79EFBC}") = "BookCatalogTests", "BooKTests\BookCatalogTests.csproj", "{C1C0D466-3755-4241-BB2F-92A94AE562F4}"
EndProject
Global
	GlobalSection(SolutionConfigurationPlatforms) = preSolution
		Debug|Any CPU = Debug|Any CPU
		Release|Any CPU = Release|Any CPU
	EndGlobalSection
	GlobalSection(ProjectConfigurationPlatforms) = postSolution
		{ACBE8AD1-6067-4308-9686-6282BEB00F1D}.Debug|Any CPU.ActiveCfg = Debug|Any CPU
		{ACBE8AD1-6067-4308-9686-6282BEB00F1D}.Debug|Any CPU.Build.0 = Debug|Any CPU
		{ACBE8AD1-6067-4308-9686-6282BEB00F1D}.Release|Any CPU.ActiveCfg = Release|Any CPU
		{ACBE8AD1-6067-4308-9686-6282BEB00F1D}.Release|Any CPU.Build.0 = Release|Any CPU
		{C1C0D466-3755-4241-BB2F-92A94AE562F4}.Debug|Any CPU.ActiveCfg = Debug|Any CPU
		{C1C0D466-3755-4241-BB2F-92A94AE562F4}.Debug|Any CPU.Build.0 = Debug|Any CPU
		{C1C0D466-3755-4241-BB2F-92A94AE562F4}.Release|Any CPU.ActiveCfg = Release|Any CPU
		{C1C0D466-3755-4241-BB2F-92A94AE562F4}.Release|Any CPU.Build.0 = Release|Any CPU
	EndGlobalSection
	GlobalSection(SolutionProperties) = preSolution
		HideSolutionNode = FALSE
	EndGlobalSection
	GlobalSection(ExtensibilityGlobals) = postSolution
		SolutionGuid = {43C1DD7C-63C1-4BF2-82E0-DA43F9D49D07}
	EndGlobalSection
EndGlobal
