
Microsoft Visual Studio Solution File, Format Version 12.00
# Visual Studio Version 17
VisualStudioVersion = 17.9.34728.123
MinimumVisualStudioVersion = 10.0.40219.1
Project("{FAE04EC0-301F-11D3-BF4B-00C04F79EFBC}") = "Task5.1", "Task5.1\Task5.1.csproj", "{E2BCCBC6-236E-4ACA-A612-3C4F6396CEC1}"
EndProject
Project("{FAE04EC0-301F-11D3-BF4B-00C04F79EFBC}") = "SparseNumericMatrixTests", "SparseNumericMatrixTests\SparseNumericMatrixTests.csproj", "{27C19AC7-27BB-47FB-90DA-DD5BD6532B1A}"
EndProject
Global
	GlobalSection(SolutionConfigurationPlatforms) = preSolution
		Debug|Any CPU = Debug|Any CPU
		Release|Any CPU = Release|Any CPU
	EndGlobalSection
	GlobalSection(ProjectConfigurationPlatforms) = postSolution
		{E2BCCBC6-236E-4ACA-A612-3C4F6396CEC1}.Debug|Any CPU.ActiveCfg = Debug|Any CPU
		{E2BCCBC6-236E-4ACA-A612-3C4F6396CEC1}.Debug|Any CPU.Build.0 = Debug|Any CPU
		{E2BCCBC6-236E-4ACA-A612-3C4F6396CEC1}.Release|Any CPU.ActiveCfg = Release|Any CPU
		{E2BCCBC6-236E-4ACA-A612-3C4F6396CEC1}.Release|Any CPU.Build.0 = Release|Any CPU
		{27C19AC7-27BB-47FB-90DA-DD5BD6532B1A}.Debug|Any CPU.ActiveCfg = Debug|Any CPU
		{27C19AC7-27BB-47FB-90DA-DD5BD6532B1A}.Debug|Any CPU.Build.0 = Debug|Any CPU
		{27C19AC7-27BB-47FB-90DA-DD5BD6532B1A}.Release|Any CPU.ActiveCfg = Release|Any CPU
		{27C19AC7-27BB-47FB-90DA-DD5BD6532B1A}.Release|Any CPU.Build.0 = Release|Any CPU
	EndGlobalSection
	GlobalSection(SolutionProperties) = preSolution
		HideSolutionNode = FALSE
	EndGlobalSection
	GlobalSection(ExtensibilityGlobals) = postSolution
		SolutionGuid = {FA0909ED-780B-446D-988D-638E645B440B}
	EndGlobalSection
EndGlobal
